// !$*UTF8*$!
{
	archiveVersion = 1;
	classes = {
	};
	objectVersion = 55;
	objects = {

/* Begin PBXBuildFile section */
		90F30A8F6FA1522D84CF7584 /* Pods_Kadai_7.framework in Frameworks */ = {isa = PBXBuildFile; fileRef = 4C409CDC4D386A48DF8996BC /* Pods_Kadai_7.framework */; };
		D89E86D1275E6894000AAAF6 /* AppDelegate.swift in Sources */ = {isa = PBXBuildFile; fileRef = D89E86D0275E6894000AAAF6 /* AppDelegate.swift */; };
		D89E86D3275E6894000AAAF6 /* SceneDelegate.swift in Sources */ = {isa = PBXBuildFile; fileRef = D89E86D2275E6894000AAAF6 /* SceneDelegate.swift */; };
		D89E86D5275E6894000AAAF6 /* RedViewController.swift in Sources */ = {isa = PBXBuildFile; fileRef = D89E86D4275E6894000AAAF6 /* RedViewController.swift */; };
		D89E86D8275E6894000AAAF6 /* Main.storyboard in Resources */ = {isa = PBXBuildFile; fileRef = D89E86D6275E6894000AAAF6 /* Main.storyboard */; };
		D89E86DA275E6899000AAAF6 /* Assets.xcassets in Resources */ = {isa = PBXBuildFile; fileRef = D89E86D9275E6899000AAAF6 /* Assets.xcassets */; };
		D89E86DD275E6899000AAAF6 /* LaunchScreen.storyboard in Resources */ = {isa = PBXBuildFile; fileRef = D89E86DB275E6899000AAAF6 /* LaunchScreen.storyboard */; };
		D89E86E6275E6BE2000AAAF6 /* GreenViewController.swift in Sources */ = {isa = PBXBuildFile; fileRef = D89E86E5275E6BE2000AAAF6 /* GreenViewController.swift */; };
		D89E86FD275F45D4000AAAF6 /* Kadai_7Tests.swift in Sources */ = {isa = PBXBuildFile; fileRef = D89E86FC275F45D4000AAAF6 /* Kadai_7Tests.swift */; };
/* End PBXBuildFile section */

/* Begin PBXContainerItemProxy section */
		D89E86F1275F4562000AAAF6 /* PBXContainerItemProxy */ = {
			isa = PBXContainerItemProxy;
			containerPortal = D89E86C5275E6894000AAAF6 /* Project object */;
			proxyType = 1;
			remoteGlobalIDString = D89E86CC275E6894000AAAF6;
			remoteInfo = "Kadai-7";
		};
		D89E86FE275F45D4000AAAF6 /* PBXContainerItemProxy */ = {
			isa = PBXContainerItemProxy;
			containerPortal = D89E86C5275E6894000AAAF6 /* Project object */;
			proxyType = 1;
			remoteGlobalIDString = D89E86CC275E6894000AAAF6;
			remoteInfo = "Kadai-7";
		};
/* End PBXContainerItemProxy section */

/* Begin PBXFileReference section */
		4C409CDC4D386A48DF8996BC /* Pods_Kadai_7.framework */ = {isa = PBXFileReference; explicitFileType = wrapper.framework; includeInIndex = 0; path = Pods_Kadai_7.framework; sourceTree = BUILT_PRODUCTS_DIR; };
		A08B4266E96FBD89031569B9 /* Pods-Kadai-7.release.xcconfig */ = {isa = PBXFileReference; includeInIndex = 1; lastKnownFileType = text.xcconfig; name = "Pods-Kadai-7.release.xcconfig"; path = "Target Support Files/Pods-Kadai-7/Pods-Kadai-7.release.xcconfig"; sourceTree = "<group>"; };
		A29FD59A17F34F05EC9B98D5 /* Pods-Kadai-7.debug.xcconfig */ = {isa = PBXFileReference; includeInIndex = 1; lastKnownFileType = text.xcconfig; name = "Pods-Kadai-7.debug.xcconfig"; path = "Target Support Files/Pods-Kadai-7/Pods-Kadai-7.debug.xcconfig"; sourceTree = "<group>"; };
		D89E86CD275E6894000AAAF6 /* Kadai-7.app */ = {isa = PBXFileReference; explicitFileType = wrapper.application; includeInIndex = 0; path = "Kadai-7.app"; sourceTree = BUILT_PRODUCTS_DIR; };
		D89E86D0275E6894000AAAF6 /* AppDelegate.swift */ = {isa = PBXFileReference; lastKnownFileType = sourcecode.swift; path = AppDelegate.swift; sourceTree = "<group>"; };
		D89E86D2275E6894000AAAF6 /* SceneDelegate.swift */ = {isa = PBXFileReference; lastKnownFileType = sourcecode.swift; path = SceneDelegate.swift; sourceTree = "<group>"; };
		D89E86D4275E6894000AAAF6 /* RedViewController.swift */ = {isa = PBXFileReference; lastKnownFileType = sourcecode.swift; path = RedViewController.swift; sourceTree = "<group>"; };
		D89E86D7275E6894000AAAF6 /* Base */ = {isa = PBXFileReference; lastKnownFileType = file.storyboard; name = Base; path = Base.lproj/Main.storyboard; sourceTree = "<group>"; };
		D89E86D9275E6899000AAAF6 /* Assets.xcassets */ = {isa = PBXFileReference; lastKnownFileType = folder.assetcatalog; path = Assets.xcassets; sourceTree = "<group>"; };
		D89E86DC275E6899000AAAF6 /* Base */ = {isa = PBXFileReference; lastKnownFileType = file.storyboard; name = Base; path = Base.lproj/LaunchScreen.storyboard; sourceTree = "<group>"; };
		D89E86DE275E6899000AAAF6 /* Info.plist */ = {isa = PBXFileReference; lastKnownFileType = text.plist.xml; path = Info.plist; sourceTree = "<group>"; };
		D89E86E5275E6BE2000AAAF6 /* GreenViewController.swift */ = {isa = PBXFileReference; lastKnownFileType = sourcecode.swift; path = GreenViewController.swift; sourceTree = "<group>"; };
		D89E86EB275F4562000AAAF6 /* Kadai-7UITests.xctest */ = {isa = PBXFileReference; explicitFileType = wrapper.cfbundle; includeInIndex = 0; path = "Kadai-7UITests.xctest"; sourceTree = BUILT_PRODUCTS_DIR; };
		D89E86FA275F45D4000AAAF6 /* Kadai-7Tests.xctest */ = {isa = PBXFileReference; explicitFileType = wrapper.cfbundle; includeInIndex = 0; path = "Kadai-7Tests.xctest"; sourceTree = BUILT_PRODUCTS_DIR; };
		D89E86FC275F45D4000AAAF6 /* Kadai_7Tests.swift */ = {isa = PBXFileReference; lastKnownFileType = sourcecode.swift; path = Kadai_7Tests.swift; sourceTree = "<group>"; };
/* End PBXFileReference section */

/* Begin PBXFrameworksBuildPhase section */
		D89E86CA275E6894000AAAF6 /* Frameworks */ = {
			isa = PBXFrameworksBuildPhase;
			buildActionMask = 2147483647;
			files = (
				90F30A8F6FA1522D84CF7584 /* Pods_Kadai_7.framework in Frameworks */,
			);
			runOnlyForDeploymentPostprocessing = 0;
		};
		D89E86E8275F4562000AAAF6 /* Frameworks */ = {
			isa = PBXFrameworksBuildPhase;
			buildActionMask = 2147483647;
			files = (
			);
			runOnlyForDeploymentPostprocessing = 0;
		};
		D89E86F7275F45D4000AAAF6 /* Frameworks */ = {
			isa = PBXFrameworksBuildPhase;
			buildActionMask = 2147483647;
			files = (
			);
			runOnlyForDeploymentPostprocessing = 0;
		};
/* End PBXFrameworksBuildPhase section */

/* Begin PBXGroup section */
		413B8F1C2DB4A882AC3E71E7 /* Frameworks */ = {
			isa = PBXGroup;
			children = (
				4C409CDC4D386A48DF8996BC /* Pods_Kadai_7.framework */,
			);
			name = Frameworks;
			sourceTree = "<group>";
		};
		D89E86C4275E6894000AAAF6 = {
			isa = PBXGroup;
			children = (
				D89E86CF275E6894000AAAF6 /* Kadai-7 */,
				D89E86FB275F45D4000AAAF6 /* Kadai-7Tests */,
				D89E86CE275E6894000AAAF6 /* Products */,
				EF02AC67801EA6CBFB4F022D /* Pods */,
				413B8F1C2DB4A882AC3E71E7 /* Frameworks */,
			);
			sourceTree = "<group>";
		};
		D89E86CE275E6894000AAAF6 /* Products */ = {
			isa = PBXGroup;
			children = (
				D89E86CD275E6894000AAAF6 /* Kadai-7.app */,
				D89E86EB275F4562000AAAF6 /* Kadai-7UITests.xctest */,
				D89E86FA275F45D4000AAAF6 /* Kadai-7Tests.xctest */,
			);
			name = Products;
			sourceTree = "<group>";
		};
		D89E86CF275E6894000AAAF6 /* Kadai-7 */ = {
			isa = PBXGroup;
			children = (
				D89E86D0275E6894000AAAF6 /* AppDelegate.swift */,
				D89E86D2275E6894000AAAF6 /* SceneDelegate.swift */,
				D89E8703275F5CFE000AAAF6 /* ViewControllers */,
				D89E8704275F5D16000AAAF6 /* View */,
				D89E86D9275E6899000AAAF6 /* Assets.xcassets */,
				D89E86DB275E6899000AAAF6 /* LaunchScreen.storyboard */,
				D89E86DE275E6899000AAAF6 /* Info.plist */,
			);
			path = "Kadai-7";
			sourceTree = "<group>";
		};
		D89E86FB275F45D4000AAAF6 /* Kadai-7Tests */ = {
			isa = PBXGroup;
			children = (
				D89E86FC275F45D4000AAAF6 /* Kadai_7Tests.swift */,
			);
			path = "Kadai-7Tests";
			sourceTree = "<group>";
		};
		D89E8703275F5CFE000AAAF6 /* ViewControllers */ = {
			isa = PBXGroup;
			children = (
				D89E86D4275E6894000AAAF6 /* RedViewController.swift */,
				D89E86E5275E6BE2000AAAF6 /* GreenViewController.swift */,
			);
			path = ViewControllers;
			sourceTree = "<group>";
		};
		D89E8704275F5D16000AAAF6 /* View */ = {
			isa = PBXGroup;
			children = (
				D89E86D6275E6894000AAAF6 /* Main.storyboard */,
			);
			path = View;
			sourceTree = "<group>";
		};
		EF02AC67801EA6CBFB4F022D /* Pods */ = {
			isa = PBXGroup;
			children = (
				A29FD59A17F34F05EC9B98D5 /* Pods-Kadai-7.debug.xcconfig */,
				A08B4266E96FBD89031569B9 /* Pods-Kadai-7.release.xcconfig */,
			);
			path = Pods;
			sourceTree = "<group>";
		};
/* End PBXGroup section */

/* Begin PBXNativeTarget section */
		D89E86CC275E6894000AAAF6 /* Kadai-7 */ = {
			isa = PBXNativeTarget;
			buildConfigurationList = D89E86E1275E6899000AAAF6 /* Build configuration list for PBXNativeTarget "Kadai-7" */;
			buildPhases = (
				8B776505BBF9C9599263D417 /* [CP] Check Pods Manifest.lock */,
				D89E86C9275E6894000AAAF6 /* Sources */,
				D89E86CA275E6894000AAAF6 /* Frameworks */,
				D89E86CB275E6894000AAAF6 /* Resources */,
				D89E86E4275E695D000AAAF6 /* ShellScript */,
			);
			buildRules = (
			);
			dependencies = (
			);
			name = "Kadai-7";
			productName = "Kadai-7";
			productReference = D89E86CD275E6894000AAAF6 /* Kadai-7.app */;
			productType = "com.apple.product-type.application";
		};
		D89E86EA275F4562000AAAF6 /* Kadai-7UITests */ = {
			isa = PBXNativeTarget;
			buildConfigurationList = D89E86F5275F4562000AAAF6 /* Build configuration list for PBXNativeTarget "Kadai-7UITests" */;
			buildPhases = (
				D89E86E7275F4562000AAAF6 /* Sources */,
				D89E86E8275F4562000AAAF6 /* Frameworks */,
				D89E86E9275F4562000AAAF6 /* Resources */,
			);
			buildRules = (
			);
			dependencies = (
				D89E86F2275F4562000AAAF6 /* PBXTargetDependency */,
			);
			name = "Kadai-7UITests";
			productName = "Kadai-7UITests";
			productReference = D89E86EB275F4562000AAAF6 /* Kadai-7UITests.xctest */;
			productType = "com.apple.product-type.bundle.ui-testing";
		};
		D89E86F9275F45D4000AAAF6 /* Kadai-7Tests */ = {
			isa = PBXNativeTarget;
			buildConfigurationList = D89E8700275F45D4000AAAF6 /* Build configuration list for PBXNativeTarget "Kadai-7Tests" */;
			buildPhases = (
				D89E86F6275F45D4000AAAF6 /* Sources */,
				D89E86F7275F45D4000AAAF6 /* Frameworks */,
				D89E86F8275F45D4000AAAF6 /* Resources */,
			);
			buildRules = (
			);
			dependencies = (
				D89E86FF275F45D4000AAAF6 /* PBXTargetDependency */,
			);
			name = "Kadai-7Tests";
			productName = "Kadai-7Tests";
			productReference = D89E86FA275F45D4000AAAF6 /* Kadai-7Tests.xctest */;
			productType = "com.apple.product-type.bundle.unit-test";
		};
/* End PBXNativeTarget section */

/* Begin PBXProject section */
		D89E86C5275E6894000AAAF6 /* Project object */ = {
			isa = PBXProject;
			attributes = {
				BuildIndependentTargetsInParallel = 1;
				LastSwiftUpdateCheck = 1310;
				LastUpgradeCheck = 1310;
				TargetAttributes = {
					D89E86CC275E6894000AAAF6 = {
						CreatedOnToolsVersion = 13.1;
					};
					D89E86EA275F4562000AAAF6 = {
						CreatedOnToolsVersion = 13.1;
						TestTargetID = D89E86CC275E6894000AAAF6;
					};
					D89E86F9275F45D4000AAAF6 = {
						CreatedOnToolsVersion = 13.1;
						TestTargetID = D89E86CC275E6894000AAAF6;
					};
				};
			};
			buildConfigurationList = D89E86C8275E6894000AAAF6 /* Build configuration list for PBXProject "Kadai-7" */;
			compatibilityVersion = "Xcode 13.0";
			developmentRegion = en;
			hasScannedForEncodings = 0;
			knownRegions = (
				en,
				Base,
			);
			mainGroup = D89E86C4275E6894000AAAF6;
			productRefGroup = D89E86CE275E6894000AAAF6 /* Products */;
			projectDirPath = "";
			projectRoot = "";
			targets = (
				D89E86CC275E6894000AAAF6 /* Kadai-7 */,
				D89E86EA275F4562000AAAF6 /* Kadai-7UITests */,
				D89E86F9275F45D4000AAAF6 /* Kadai-7Tests */,
			);
		};
/* End PBXProject section */

/* Begin PBXResourcesBuildPhase section */
		D89E86CB275E6894000AAAF6 /* Resources */ = {
			isa = PBXResourcesBuildPhase;
			buildActionMask = 2147483647;
			files = (
				D89E86DD275E6899000AAAF6 /* LaunchScreen.storyboard in Resources */,
				D89E86DA275E6899000AAAF6 /* Assets.xcassets in Resources */,
				D89E86D8275E6894000AAAF6 /* Main.storyboard in Resources */,
			);
			runOnlyForDeploymentPostprocessing = 0;
		};
		D89E86E9275F4562000AAAF6 /* Resources */ = {
			isa = PBXResourcesBuildPhase;
			buildActionMask = 2147483647;
			files = (
			);
			runOnlyForDeploymentPostprocessing = 0;
		};
		D89E86F8275F45D4000AAAF6 /* Resources */ = {
			isa = PBXResourcesBuildPhase;
			buildActionMask = 2147483647;
			files = (
			);
			runOnlyForDeploymentPostprocessing = 0;
		};
/* End PBXResourcesBuildPhase section */

/* Begin PBXShellScriptBuildPhase section */
		8B776505BBF9C9599263D417 /* [CP] Check Pods Manifest.lock */ = {
			isa = PBXShellScriptBuildPhase;
			buildActionMask = 2147483647;
			files = (
			);
			inputFileListPaths = (
			);
			inputPaths = (
				"${PODS_PODFILE_DIR_PATH}/Podfile.lock",
				"${PODS_ROOT}/Manifest.lock",
			);
			name = "[CP] Check Pods Manifest.lock";
			outputFileListPaths = (
			);
			outputPaths = (
				"$(DERIVED_FILE_DIR)/Pods-Kadai-7-checkManifestLockResult.txt",
			);
			runOnlyForDeploymentPostprocessing = 0;
			shellPath = /bin/sh;
			shellScript = "diff \"${PODS_PODFILE_DIR_PATH}/Podfile.lock\" \"${PODS_ROOT}/Manifest.lock\" > /dev/null\nif [ $? != 0 ] ; then\n    # print error to STDERR\n    echo \"error: The sandbox is not in sync with the Podfile.lock. Run 'pod install' or update your CocoaPods installation.\" >&2\n    exit 1\nfi\n# This output is used by Xcode 'outputs' to avoid re-running this script phase.\necho \"SUCCESS\" > \"${SCRIPT_OUTPUT_FILE_0}\"\n";
			showEnvVarsInLog = 0;
		};
		D89E86E4275E695D000AAAF6 /* ShellScript */ = {
			isa = PBXShellScriptBuildPhase;
			buildActionMask = 2147483647;
			files = (
			);
			inputFileListPaths = (
			);
			inputPaths = (
			);
			outputFileListPaths = (
			);
			outputPaths = (
			);
			runOnlyForDeploymentPostprocessing = 0;
			shellPath = /bin/sh;
			shellScript = "if which \"${PODS_ROOT}/SwiftLint/swiftlint\" >/dev/null; then\n${PODS_ROOT}/SwiftLint/swiftlint\nelse\necho \"warning: SwiftLint not installed, download from https://github.com/realm/SwiftLint\"\nfi\n";
		};
/* End PBXShellScriptBuildPhase section */

/* Begin PBXSourcesBuildPhase section */
		D89E86C9275E6894000AAAF6 /* Sources */ = {
			isa = PBXSourcesBuildPhase;
			buildActionMask = 2147483647;
			files = (
				D89E86E6275E6BE2000AAAF6 /* GreenViewController.swift in Sources */,
				D89E86D5275E6894000AAAF6 /* RedViewController.swift in Sources */,
				D89E86D1275E6894000AAAF6 /* AppDelegate.swift in Sources */,
				D89E86D3275E6894000AAAF6 /* SceneDelegate.swift in Sources */,
			);
			runOnlyForDeploymentPostprocessing = 0;
		};
		D89E86E7275F4562000AAAF6 /* Sources */ = {
			isa = PBXSourcesBuildPhase;
			buildActionMask = 2147483647;
			files = (
			);
			runOnlyForDeploymentPostprocessing = 0;
		};
		D89E86F6275F45D4000AAAF6 /* Sources */ = {
			isa = PBXSourcesBuildPhase;
			buildActionMask = 2147483647;
			files = (
				D89E86FD275F45D4000AAAF6 /* Kadai_7Tests.swift in Sources */,
			);
			runOnlyForDeploymentPostprocessing = 0;
		};
/* End PBXSourcesBuildPhase section */

/* Begin PBXTargetDependency section */
		D89E86F2275F4562000AAAF6 /* PBXTargetDependency */ = {
			isa = PBXTargetDependency;
			target = D89E86CC275E6894000AAAF6 /* Kadai-7 */;
			targetProxy = D89E86F1275F4562000AAAF6 /* PBXContainerItemProxy */;
		};
		D89E86FF275F45D4000AAAF6 /* PBXTargetDependency */ = {
			isa = PBXTargetDependency;
			target = D89E86CC275E6894000AAAF6 /* Kadai-7 */;
			targetProxy = D89E86FE275F45D4000AAAF6 /* PBXContainerItemProxy */;
		};
/* End PBXTargetDependency section */

/* Begin PBXVariantGroup section */
		D89E86D6275E6894000AAAF6 /* Main.storyboard */ = {
			isa = PBXVariantGroup;
			children = (
				D89E86D7275E6894000AAAF6 /* Base */,
			);
			name = Main.storyboard;
			sourceTree = "<group>";
		};
		D89E86DB275E6899000AAAF6 /* LaunchScreen.storyboard */ = {
			isa = PBXVariantGroup;
			children = (
				D89E86DC275E6899000AAAF6 /* Base */,
			);
			name = LaunchScreen.storyboard;
			sourceTree = "<group>";
		};
/* End PBXVariantGroup section */

/* Begin XCBuildConfiguration section */
		D89E86DF275E6899000AAAF6 /* Debug */ = {
			isa = XCBuildConfiguration;
			buildSettings = {
				ALWAYS_SEARCH_USER_PATHS = NO;
				CLANG_ANALYZER_NONNULL = YES;
				CLANG_ANALYZER_NUMBER_OBJECT_CONVERSION = YES_AGGRESSIVE;
				CLANG_CXX_LANGUAGE_STANDARD = "gnu++17";
				CLANG_CXX_LIBRARY = "libc++";
				CLANG_ENABLE_MODULES = YES;
				CLANG_ENABLE_OBJC_ARC = YES;
				CLANG_ENABLE_OBJC_WEAK = YES;
				CLANG_WARN_BLOCK_CAPTURE_AUTORELEASING = YES;
				CLANG_WARN_BOOL_CONVERSION = YES;
				CLANG_WARN_COMMA = YES;
				CLANG_WARN_CONSTANT_CONVERSION = YES;
				CLANG_WARN_DEPRECATED_OBJC_IMPLEMENTATIONS = YES;
				CLANG_WARN_DIRECT_OBJC_ISA_USAGE = YES_ERROR;
				CLANG_WARN_DOCUMENTATION_COMMENTS = YES;
				CLANG_WARN_EMPTY_BODY = YES;
				CLANG_WARN_ENUM_CONVERSION = YES;
				CLANG_WARN_INFINITE_RECURSION = YES;
				CLANG_WARN_INT_CONVERSION = YES;
				CLANG_WARN_NON_LITERAL_NULL_CONVERSION = YES;
				CLANG_WARN_OBJC_IMPLICIT_RETAIN_SELF = YES;
				CLANG_WARN_OBJC_LITERAL_CONVERSION = YES;
				CLANG_WARN_OBJC_ROOT_CLASS = YES_ERROR;
				CLANG_WARN_QUOTED_INCLUDE_IN_FRAMEWORK_HEADER = YES;
				CLANG_WARN_RANGE_LOOP_ANALYSIS = YES;
				CLANG_WARN_STRICT_PROTOTYPES = YES;
				CLANG_WARN_SUSPICIOUS_MOVE = YES;
				CLANG_WARN_UNGUARDED_AVAILABILITY = YES_AGGRESSIVE;
				CLANG_WARN_UNREACHABLE_CODE = YES;
				CLANG_WARN__DUPLICATE_METHOD_MATCH = YES;
				COPY_PHASE_STRIP = NO;
				DEBUG_INFORMATION_FORMAT = dwarf;
				ENABLE_STRICT_OBJC_MSGSEND = YES;
				ENABLE_TESTABILITY = YES;
				GCC_C_LANGUAGE_STANDARD = gnu11;
				GCC_DYNAMIC_NO_PIC = NO;
				GCC_NO_COMMON_BLOCKS = YES;
				GCC_OPTIMIZATION_LEVEL = 0;
				GCC_PREPROCESSOR_DEFINITIONS = (
					"DEBUG=1",
					"$(inherited)",
				);
				GCC_WARN_64_TO_32_BIT_CONVERSION = YES;
				GCC_WARN_ABOUT_RETURN_TYPE = YES_ERROR;
				GCC_WARN_UNDECLARED_SELECTOR = YES;
				GCC_WARN_UNINITIALIZED_AUTOS = YES_AGGRESSIVE;
				GCC_WARN_UNUSED_FUNCTION = YES;
				GCC_WARN_UNUSED_VARIABLE = YES;
				IPHONEOS_DEPLOYMENT_TARGET = 15.0;
				MTL_ENABLE_DEBUG_INFO = INCLUDE_SOURCE;
				MTL_FAST_MATH = YES;
				ONLY_ACTIVE_ARCH = YES;
				SDKROOT = iphoneos;
				SWIFT_ACTIVE_COMPILATION_CONDITIONS = DEBUG;
				SWIFT_OPTIMIZATION_LEVEL = "-Onone";
			};
			name = Debug;
		};
		D89E86E0275E6899000AAAF6 /* Release */ = {
			isa = XCBuildConfiguration;
			buildSettings = {
				ALWAYS_SEARCH_USER_PATHS = NO;
				CLANG_ANALYZER_NONNULL = YES;
				CLANG_ANALYZER_NUMBER_OBJECT_CONVERSION = YES_AGGRESSIVE;
				CLANG_CXX_LANGUAGE_STANDARD = "gnu++17";
				CLANG_CXX_LIBRARY = "libc++";
				CLANG_ENABLE_MODULES = YES;
				CLANG_ENABLE_OBJC_ARC = YES;
				CLANG_ENABLE_OBJC_WEAK = YES;
				CLANG_WARN_BLOCK_CAPTURE_AUTORELEASING = YES;
				CLANG_WARN_BOOL_CONVERSION = YES;
				CLANG_WARN_COMMA = YES;
				CLANG_WARN_CONSTANT_CONVERSION = YES;
				CLANG_WARN_DEPRECATED_OBJC_IMPLEMENTATIONS = YES;
				CLANG_WARN_DIRECT_OBJC_ISA_USAGE = YES_ERROR;
				CLANG_WARN_DOCUMENTATION_COMMENTS = YES;
				CLANG_WARN_EMPTY_BODY = YES;
				CLANG_WARN_ENUM_CONVERSION = YES;
				CLANG_WARN_INFINITE_RECURSION = YES;
				CLANG_WARN_INT_CONVERSION = YES;
				CLANG_WARN_NON_LITERAL_NULL_CONVERSION = YES;
				CLANG_WARN_OBJC_IMPLICIT_RETAIN_SELF = YES;
				CLANG_WARN_OBJC_LITERAL_CONVERSION = YES;
				CLANG_WARN_OBJC_ROOT_CLASS = YES_ERROR;
				CLANG_WARN_QUOTED_INCLUDE_IN_FRAMEWORK_HEADER = YES;
				CLANG_WARN_RANGE_LOOP_ANALYSIS = YES;
				CLANG_WARN_STRICT_PROTOTYPES = YES;
				CLANG_WARN_SUSPICIOUS_MOVE = YES;
				CLANG_WARN_UNGUARDED_AVAILABILITY = YES_AGGRESSIVE;
				CLANG_WARN_UNREACHABLE_CODE = YES;
				CLANG_WARN__DUPLICATE_METHOD_MATCH = YES;
				COPY_PHASE_STRIP = NO;
				DEBUG_INFORMATION_FORMAT = "dwarf-with-dsym";
				ENABLE_NS_ASSERTIONS = NO;
				ENABLE_STRICT_OBJC_MSGSEND = YES;
				GCC_C_LANGUAGE_STANDARD = gnu11;
				GCC_NO_COMMON_BLOCKS = YES;
				GCC_WARN_64_TO_32_BIT_CONVERSION = YES;
				GCC_WARN_ABOUT_RETURN_TYPE = YES_ERROR;
				GCC_WARN_UNDECLARED_SELECTOR = YES;
				GCC_WARN_UNINITIALIZED_AUTOS = YES_AGGRESSIVE;
				GCC_WARN_UNUSED_FUNCTION = YES;
				GCC_WARN_UNUSED_VARIABLE = YES;
				IPHONEOS_DEPLOYMENT_TARGET = 15.0;
				MTL_ENABLE_DEBUG_INFO = NO;
				MTL_FAST_MATH = YES;
				SDKROOT = iphoneos;
				SWIFT_COMPILATION_MODE = wholemodule;
				SWIFT_OPTIMIZATION_LEVEL = "-O";
				VALIDATE_PRODUCT = YES;
			};
			name = Release;
		};
		D89E86E2275E6899000AAAF6 /* Debug */ = {
			isa = XCBuildConfiguration;
			baseConfigurationReference = A29FD59A17F34F05EC9B98D5 /* Pods-Kadai-7.debug.xcconfig */;
			buildSettings = {
				ASSETCATALOG_COMPILER_APPICON_NAME = AppIcon;
				ASSETCATALOG_COMPILER_GLOBAL_ACCENT_COLOR_NAME = AccentColor;
				CODE_SIGN_STYLE = Automatic;
				CURRENT_PROJECT_VERSION = 1;
				DEVELOPMENT_TEAM = 7AAG7H24T5;
				GENERATE_INFOPLIST_FILE = YES;
				INFOPLIST_FILE = "Kadai-7/Info.plist";
				INFOPLIST_KEY_UIApplicationSupportsIndirectInputEvents = YES;
				INFOPLIST_KEY_UILaunchStoryboardName = LaunchScreen;
				INFOPLIST_KEY_UIMainStoryboardFile = Main;
				INFOPLIST_KEY_UISupportedInterfaceOrientations_iPad = "UIInterfaceOrientationPortrait UIInterfaceOrientationPortraitUpsideDown UIInterfaceOrientationLandscapeLeft UIInterfaceOrientationLandscapeRight";
				INFOPLIST_KEY_UISupportedInterfaceOrientations_iPhone = "UIInterfaceOrientationPortrait UIInterfaceOrientationLandscapeLeft UIInterfaceOrientationLandscapeRight";
				LD_RUNPATH_SEARCH_PATHS = (
					"$(inherited)",
					"@executable_path/Frameworks",
				);
				MARKETING_VERSION = 1.0;
				PRODUCT_BUNDLE_IDENTIFIER = "com.gmail-mode.sh0k0.c.Kadai-7";
				PRODUCT_NAME = "$(TARGET_NAME)";
				SWIFT_EMIT_LOC_STRINGS = YES;
				SWIFT_VERSION = 5.0;
				TARGETED_DEVICE_FAMILY = "1,2";
			};
			name = Debug;
		};
		D89E86E3275E6899000AAAF6 /* Release */ = {
			isa = XCBuildConfiguration;
			baseConfigurationReference = A08B4266E96FBD89031569B9 /* Pods-Kadai-7.release.xcconfig */;
			buildSettings = {
				ASSETCATALOG_COMPILER_APPICON_NAME = AppIcon;
				ASSETCATALOG_COMPILER_GLOBAL_ACCENT_COLOR_NAME = AccentColor;
				CODE_SIGN_STYLE = Automatic;
				CURRENT_PROJECT_VERSION = 1;
				DEVELOPMENT_TEAM = 7AAG7H24T5;
				GENERATE_INFOPLIST_FILE = YES;
				INFOPLIST_FILE = "Kadai-7/Info.plist";
				INFOPLIST_KEY_UIApplicationSupportsIndirectInputEvents = YES;
				INFOPLIST_KEY_UILaunchStoryboardName = LaunchScreen;
				INFOPLIST_KEY_UIMainStoryboardFile = Main;
				INFOPLIST_KEY_UISupportedInterfaceOrientations_iPad = "UIInterfaceOrientationPortrait UIInterfaceOrientationPortraitUpsideDown UIInterfaceOrientationLandscapeLeft UIInterfaceOrientationLandscapeRight";
				INFOPLIST_KEY_UISupportedInterfaceOrientations_iPhone = "UIInterfaceOrientationPortrait UIInterfaceOrientationLandscapeLeft UIInterfaceOrientationLandscapeRight";
				LD_RUNPATH_SEARCH_PATHS = (
					"$(inherited)",
					"@executable_path/Frameworks",
				);
				MARKETING_VERSION = 1.0;
				PRODUCT_BUNDLE_IDENTIFIER = "com.gmail-mode.sh0k0.c.Kadai-7";
				PRODUCT_NAME = "$(TARGET_NAME)";
				SWIFT_EMIT_LOC_STRINGS = YES;
				SWIFT_VERSION = 5.0;
				TARGETED_DEVICE_FAMILY = "1,2";
			};
			name = Release;
		};
		D89E86F3275F4562000AAAF6 /* Debug */ = {
			isa = XCBuildConfiguration;
			buildSettings = {
				CODE_SIGN_STYLE = Automatic;
				CURRENT_PROJECT_VERSION = 1;
				DEVELOPMENT_TEAM = 7AAG7H24T5;
				GENERATE_INFOPLIST_FILE = YES;
				LD_RUNPATH_SEARCH_PATHS = (
					"$(inherited)",
					"@executable_path/Frameworks",
					"@loader_path/Frameworks",
				);
				MARKETING_VERSION = 1.0;
				PRODUCT_BUNDLE_IDENTIFIER = "com.gmail-mode.sh0k0.c.Kadai-7UITests";
				PRODUCT_NAME = "$(TARGET_NAME)";
				SWIFT_EMIT_LOC_STRINGS = NO;
				SWIFT_VERSION = 5.0;
				TARGETED_DEVICE_FAMILY = "1,2";
				TEST_TARGET_NAME = "Kadai-7";
			};
			name = Debug;
		};
		D89E86F4275F4562000AAAF6 /* Release */ = {
			isa = XCBuildConfiguration;
			buildSettings = {
				CODE_SIGN_STYLE = Automatic;
				CURRENT_PROJECT_VERSION = 1;
				DEVELOPMENT_TEAM = 7AAG7H24T5;
				GENERATE_INFOPLIST_FILE = YES;
				LD_RUNPATH_SEARCH_PATHS = (
					"$(inherited)",
					"@executable_path/Frameworks",
					"@loader_path/Frameworks",
				);
				MARKETING_VERSION = 1.0;
				PRODUCT_BUNDLE_IDENTIFIER = "com.gmail-mode.sh0k0.c.Kadai-7UITests";
				PRODUCT_NAME = "$(TARGET_NAME)";
				SWIFT_EMIT_LOC_STRINGS = NO;
				SWIFT_VERSION = 5.0;
				TARGETED_DEVICE_FAMILY = "1,2";
				TEST_TARGET_NAME = "Kadai-7";
			};
			name = Release;
		};
		D89E8701275F45D4000AAAF6 /* Debug */ = {
			isa = XCBuildConfiguration;
			buildSettings = {
				BUNDLE_LOADER = "$(TEST_HOST)";
				CODE_SIGN_STYLE = Automatic;
				CURRENT_PROJECT_VERSION = 1;
				DEVELOPMENT_TEAM = 7AAG7H24T5;
				GENERATE_INFOPLIST_FILE = YES;
				LD_RUNPATH_SEARCH_PATHS = (
					"$(inherited)",
					"@executable_path/Frameworks",
					"@loader_path/Frameworks",
				);
				MARKETING_VERSION = 1.0;
				PRODUCT_BUNDLE_IDENTIFIER = "com.gmail-mode.sh0k0.c.Kadai-7Tests";
				PRODUCT_NAME = "$(TARGET_NAME)";
				SWIFT_EMIT_LOC_STRINGS = NO;
				SWIFT_VERSION = 5.0;
				TARGETED_DEVICE_FAMILY = "1,2";
				TEST_HOST = "$(BUILT_PRODUCTS_DIR)/Kadai-7.app/Kadai-7";
			};
			name = Debug;
		};
		D89E8702275F45D4000AAAF6 /* Release */ = {
			isa = XCBuildConfiguration;
			buildSettings = {
				BUNDLE_LOADER = "$(TEST_HOST)";
				CODE_SIGN_STYLE = Automatic;
				CURRENT_PROJECT_VERSION = 1;
				DEVELOPMENT_TEAM = 7AAG7H24T5;
				GENERATE_INFOPLIST_FILE = YES;
				LD_RUNPATH_SEARCH_PATHS = (
					"$(inherited)",
					"@executable_path/Frameworks",
					"@loader_path/Frameworks",
				);
				MARKETING_VERSION = 1.0;
				PRODUCT_BUNDLE_IDENTIFIER = "com.gmail-mode.sh0k0.c.Kadai-7Tests";
				PRODUCT_NAME = "$(TARGET_NAME)";
				SWIFT_EMIT_LOC_STRINGS = NO;
				SWIFT_VERSION = 5.0;
				TARGETED_DEVICE_FAMILY = "1,2";
				TEST_HOST = "$(BUILT_PRODUCTS_DIR)/Kadai-7.app/Kadai-7";
			};
			name = Release;
		};
/* End XCBuildConfiguration section */

/* Begin XCConfigurationList section */
		D89E86C8275E6894000AAAF6 /* Build configuration list for PBXProject "Kadai-7" */ = {
			isa = XCConfigurationList;
			buildConfigurations = (
				D89E86DF275E6899000AAAF6 /* Debug */,
				D89E86E0275E6899000AAAF6 /* Release */,
			);
			defaultConfigurationIsVisible = 0;
			defaultConfigurationName = Release;
		};
		D89E86E1275E6899000AAAF6 /* Build configuration list for PBXNativeTarget "Kadai-7" */ = {
			isa = XCConfigurationList;
			buildConfigurations = (
				D89E86E2275E6899000AAAF6 /* Debug */,
				D89E86E3275E6899000AAAF6 /* Release */,
			);
			defaultConfigurationIsVisible = 0;
			defaultConfigurationName = Release;
		};
		D89E86F5275F4562000AAAF6 /* Build configuration list for PBXNativeTarget "Kadai-7UITests" */ = {
			isa = XCConfigurationList;
			buildConfigurations = (
				D89E86F3275F4562000AAAF6 /* Debug */,
				D89E86F4275F4562000AAAF6 /* Release */,
			);
			defaultConfigurationIsVisible = 0;
			defaultConfigurationName = Release;
		};
		D89E8700275F45D4000AAAF6 /* Build configuration list for PBXNativeTarget "Kadai-7Tests" */ = {
			isa = XCConfigurationList;
			buildConfigurations = (
				D89E8701275F45D4000AAAF6 /* Debug */,
				D89E8702275F45D4000AAAF6 /* Release */,
			);
			defaultConfigurationIsVisible = 0;
			defaultConfigurationName = Release;
		};
/* End XCConfigurationList section */
	};
	rootObject = D89E86C5275E6894000AAAF6 /* Project object */;
}
